
Microsoft Visual Studio Solution File, Format Version 12.00
# Visual Studio Version 17
VisualStudioVersion = 17.5.002.0
MinimumVisualStudioVersion = 10.0.40219.1
Project("{9A19103F-16F7-4668-BE54-9A1E7A4F7556}") = "Primeiro Software", "Primeiro Software.csproj", "{CF25A7BD-818F-4C6A-BD8B-A770F15815A2}"
EndProject
Global
	GlobalSection(SolutionConfigurationPlatforms) = preSolution
		Debug|Any CPU = Debug|Any CPU
		Release|Any CPU = Release|Any CPU
	EndGlobalSection
	GlobalSection(ProjectConfigurationPlatforms) = postSolution
		{CF25A7BD-818F-4C6A-BD8B-A770F15815A2}.Debug|Any CPU.ActiveCfg = Debug|Any CPU
		{CF25A7BD-818F-4C6A-BD8B-A770F15815A2}.Debug|Any CPU.Build.0 = Debug|Any CPU
		{CF25A7BD-818F-4C6A-BD8B-A770F15815A2}.Release|Any CPU.ActiveCfg = Release|Any CPU
		{CF25A7BD-818F-4C6A-BD8B-A770F15815A2}.Release|Any CPU.Build.0 = Release|Any CPU
	EndGlobalSection
	GlobalSection(SolutionProperties) = preSolution
		HideSolutionNode = FALSE
	EndGlobalSection
	GlobalSection(ExtensibilityGlobals) = postSolution
		SolutionGuid = {95DB4487-8E2E-4A1C-A54D-1EDA05E8146A}
	EndGlobalSection
EndGlobal
